
Microsoft Visual Studio Solution File, Format Version 12.00
# Visual Studio 15
VisualStudioVersion = 15.0.28307.271
MinimumVisualStudioVersion = 10.0.40219.1
Project("{FAE04EC0-301F-11D3-BF4B-00C04F79EFBC}") = "client-app", "client-app\client-app.csproj", "{91F3B937-949D-4669-A0D6-7045037D9C3B}"
EndProject
Global
	GlobalSection(SolutionConfigurationPlatforms) = preSolution
		Debug|Any CPU = Debug|Any CPU
		Release|Any CPU = Release|Any CPU
	EndGlobalSection
	GlobalSection(ProjectConfigurationPlatforms) = postSolution
		{91F3B937-949D-4669-A0D6-7045037D9C3B}.Debug|Any CPU.ActiveCfg = Debug|Any CPU
		{91F3B937-949D-4669-A0D6-7045037D9C3B}.Debug|Any CPU.Build.0 = Debug|Any CPU
		{91F3B937-949D-4669-A0D6-7045037D9C3B}.Release|Any CPU.ActiveCfg = Release|Any CPU
		{91F3B937-949D-4669-A0D6-7045037D9C3B}.Release|Any CPU.Build.0 = Release|Any CPU
	EndGlobalSection
	GlobalSection(SolutionProperties) = preSolution
		HideSolutionNode = FALSE
	EndGlobalSection
	GlobalSection(ExtensibilityGlobals) = postSolution
		SolutionGuid = {0EF7CE1A-B962-4DEF-A8B0-E8B752F13E7D}
	EndGlobalSection
EndGlobal
